
Microsoft Visual Studio Solution File, Format Version 12.00
# Visual Studio 14
VisualStudioVersion = 14.0.25420.1
MinimumVisualStudioVersion = 10.0.40219.1
Project("{FAE04EC0-301F-11D3-BF4B-00C04F79EFBC}") = "TestProfiGroup.Web", "TestProfiGroup\TestProfiGroup.Web.csproj", "{B0F13158-0AE6-49F3-9660-2966EFCD4633}"
EndProject
Project("{FAE04EC0-301F-11D3-BF4B-00C04F79EFBC}") = "TestProfiGroup.BusinessLogic", "TestProfiGroup.BusinessLogic\TestProfiGroup.BusinessLogic.csproj", "{AFB49B2D-52CC-4E1B-885E-BC4E43EB6E95}"
EndProject
Project("{FAE04EC0-301F-11D3-BF4B-00C04F79EFBC}") = "TestProfiGroup.DataAccess", "TestProfiGroup.DataAccess\TestProfiGroup.DataAccess.csproj", "{852C1412-FF67-46D2-A933-ED46207453E9}"
EndProject
Project("{FAE04EC0-301F-11D3-BF4B-00C04F79EFBC}") = "TestProfiGroup.DomainModel", "TestProfiGroup.DomainModel\TestProfiGroup.DomainModel.csproj", "{7A26F6DB-E6B1-4C1D-9A2D-01A572BFEC6B}"
EndProject
Global
	GlobalSection(SolutionConfigurationPlatforms) = preSolution
		Debug|Any CPU = Debug|Any CPU
		Release|Any CPU = Release|Any CPU
	EndGlobalSection
	GlobalSection(ProjectConfigurationPlatforms) = postSolution
		{B0F13158-0AE6-49F3-9660-2966EFCD4633}.Debug|Any CPU.ActiveCfg = Debug|Any CPU
		{B0F13158-0AE6-49F3-9660-2966EFCD4633}.Debug|Any CPU.Build.0 = Debug|Any CPU
		{B0F13158-0AE6-49F3-9660-2966EFCD4633}.Release|Any CPU.ActiveCfg = Release|Any CPU
		{B0F13158-0AE6-49F3-9660-2966EFCD4633}.Release|Any CPU.Build.0 = Release|Any CPU
		{AFB49B2D-52CC-4E1B-885E-BC4E43EB6E95}.Debug|Any CPU.ActiveCfg = Debug|Any CPU
		{AFB49B2D-52CC-4E1B-885E-BC4E43EB6E95}.Debug|Any CPU.Build.0 = Debug|Any CPU
		{AFB49B2D-52CC-4E1B-885E-BC4E43EB6E95}.Release|Any CPU.ActiveCfg = Release|Any CPU
		{AFB49B2D-52CC-4E1B-885E-BC4E43EB6E95}.Release|Any CPU.Build.0 = Release|Any CPU
		{852C1412-FF67-46D2-A933-ED46207453E9}.Debug|Any CPU.ActiveCfg = Debug|Any CPU
		{852C1412-FF67-46D2-A933-ED46207453E9}.Debug|Any CPU.Build.0 = Debug|Any CPU
		{852C1412-FF67-46D2-A933-ED46207453E9}.Release|Any CPU.ActiveCfg = Release|Any CPU
		{852C1412-FF67-46D2-A933-ED46207453E9}.Release|Any CPU.Build.0 = Release|Any CPU
		{7A26F6DB-E6B1-4C1D-9A2D-01A572BFEC6B}.Debug|Any CPU.ActiveCfg = Debug|Any CPU
		{7A26F6DB-E6B1-4C1D-9A2D-01A572BFEC6B}.Debug|Any CPU.Build.0 = Debug|Any CPU
		{7A26F6DB-E6B1-4C1D-9A2D-01A572BFEC6B}.Release|Any CPU.ActiveCfg = Release|Any CPU
		{7A26F6DB-E6B1-4C1D-9A2D-01A572BFEC6B}.Release|Any CPU.Build.0 = Release|Any CPU
	EndGlobalSection
	GlobalSection(SolutionProperties) = preSolution
		HideSolutionNode = FALSE
	EndGlobalSection
EndGlobal
